// !$*UTF8*$!
{
	archiveVersion = 1;
	classes = {
	};
	objectVersion = 46;
	objects = {

/* Begin PBXBuildFile section */
		475A1506DE43D90F52C68343 /* Pods_GyroSenderTests.framework in Frameworks */ = {isa = PBXBuildFile; fileRef = 604D8755706D4156A29C52EB /* Pods_GyroSenderTests.framework */; };
		7477B5C71D08BE4D008B5D44 /* SearchController.swift in Sources */ = {isa = PBXBuildFile; fileRef = 7477B5C61D08BE4D008B5D44 /* SearchController.swift */; };
		7477B5C91D08C1EE008B5D44 /* Flow.swift in Sources */ = {isa = PBXBuildFile; fileRef = 7477B5C81D08C1EE008B5D44 /* Flow.swift */; };
		74BF314D1D08AAEA0027C04C /* AppDelegate.swift in Sources */ = {isa = PBXBuildFile; fileRef = 74BF314C1D08AAEA0027C04C /* AppDelegate.swift */; };
		74BF314F1D08AAEA0027C04C /* ViewController.swift in Sources */ = {isa = PBXBuildFile; fileRef = 74BF314E1D08AAEA0027C04C /* ViewController.swift */; };
		74BF31521D08AAEA0027C04C /* Main.storyboard in Resources */ = {isa = PBXBuildFile; fileRef = 74BF31501D08AAEA0027C04C /* Main.storyboard */; };
		74BF31541D08AAEA0027C04C /* Assets.xcassets in Resources */ = {isa = PBXBuildFile; fileRef = 74BF31531D08AAEA0027C04C /* Assets.xcassets */; };
		74BF31571D08AAEA0027C04C /* LaunchScreen.storyboard in Resources */ = {isa = PBXBuildFile; fileRef = 74BF31551D08AAEA0027C04C /* LaunchScreen.storyboard */; };
		74BF31621D08AAEA0027C04C /* GyroSenderTests.swift in Sources */ = {isa = PBXBuildFile; fileRef = 74BF31611D08AAEA0027C04C /* GyroSenderTests.swift */; };
		74CCE3111D09816E00F97A90 /* Interface.storyboard in Resources */ = {isa = PBXBuildFile; fileRef = 74CCE30F1D09816E00F97A90 /* Interface.storyboard */; };
		74CCE3131D09816E00F97A90 /* Assets.xcassets in Resources */ = {isa = PBXBuildFile; fileRef = 74CCE3121D09816E00F97A90 /* Assets.xcassets */; };
		74CCE31A1D09816F00F97A90 /* Gyrosender wrist Extension.appex in Embed App Extensions */ = {isa = PBXBuildFile; fileRef = 74CCE3191D09816E00F97A90 /* Gyrosender wrist Extension.appex */; settings = {ATTRIBUTES = (RemoveHeadersOnCopy, ); }; };
		74CCE3211D09816F00F97A90 /* InterfaceController.swift in Sources */ = {isa = PBXBuildFile; fileRef = 74CCE3201D09816F00F97A90 /* InterfaceController.swift */; };
		74CCE3231D09816F00F97A90 /* ExtensionDelegate.swift in Sources */ = {isa = PBXBuildFile; fileRef = 74CCE3221D09816F00F97A90 /* ExtensionDelegate.swift */; };
		74CCE3251D09816F00F97A90 /* NotificationController.swift in Sources */ = {isa = PBXBuildFile; fileRef = 74CCE3241D09816F00F97A90 /* NotificationController.swift */; };
		74CCE3271D09816F00F97A90 /* Assets.xcassets in Resources */ = {isa = PBXBuildFile; fileRef = 74CCE3261D09816F00F97A90 /* Assets.xcassets */; };
		74CCE32B1D09816F00F97A90 /* Gyrosender wrist.app in Embed Watch Content */ = {isa = PBXBuildFile; fileRef = 74CCE30D1D09816E00F97A90 /* Gyrosender wrist.app */; };
		EDF583321475FD3D6ED56D4F /* Pods_GyroSender.framework in Frameworks */ = {isa = PBXBuildFile; fileRef = 1036F2E46FDAFBF1769FEED7 /* Pods_GyroSender.framework */; };
/* End PBXBuildFile section */

/* Begin PBXContainerItemProxy section */
		74BF315E1D08AAEA0027C04C /* PBXContainerItemProxy */ = {
			isa = PBXContainerItemProxy;
			containerPortal = 74BF31411D08AAEA0027C04C /* Project object */;
			proxyType = 1;
			remoteGlobalIDString = 74BF31481D08AAEA0027C04C;
			remoteInfo = GyroSender;
		};
		74CCE31B1D09816F00F97A90 /* PBXContainerItemProxy */ = {
			isa = PBXContainerItemProxy;
			containerPortal = 74BF31411D08AAEA0027C04C /* Project object */;
			proxyType = 1;
			remoteGlobalIDString = 74CCE3181D09816E00F97A90;
			remoteInfo = "Gyrosender wrist Extension";
		};
		74CCE3291D09816F00F97A90 /* PBXContainerItemProxy */ = {
			isa = PBXContainerItemProxy;
			containerPortal = 74BF31411D08AAEA0027C04C /* Project object */;
			proxyType = 1;
			remoteGlobalIDString = 74CCE30C1D09816E00F97A90;
			remoteInfo = "Gyrosender wrist";
		};
/* End PBXContainerItemProxy section */

/* Begin PBXCopyFilesBuildPhase section */
		74CCE3311D09816F00F97A90 /* Embed App Extensions */ = {
			isa = PBXCopyFilesBuildPhase;
			buildActionMask = 2147483647;
			dstPath = "";
			dstSubfolderSpec = 13;
			files = (
				74CCE31A1D09816F00F97A90 /* Gyrosender wrist Extension.appex in Embed App Extensions */,
			);
			name = "Embed App Extensions";
			runOnlyForDeploymentPostprocessing = 0;
		};
		74CCE3331D09816F00F97A90 /* Embed Watch Content */ = {
			isa = PBXCopyFilesBuildPhase;
			buildActionMask = 2147483647;
			dstPath = "$(CONTENTS_FOLDER_PATH)/Watch";
			dstSubfolderSpec = 16;
			files = (
				74CCE32B1D09816F00F97A90 /* Gyrosender wrist.app in Embed Watch Content */,
			);
			name = "Embed Watch Content";
			runOnlyForDeploymentPostprocessing = 0;
		};
/* End PBXCopyFilesBuildPhase section */

/* Begin PBXFileReference section */
		1036F2E46FDAFBF1769FEED7 /* Pods_GyroSender.framework */ = {isa = PBXFileReference; explicitFileType = wrapper.framework; includeInIndex = 0; path = Pods_GyroSender.framework; sourceTree = BUILT_PRODUCTS_DIR; };
		1BDC8C94C53C6922A73F306D /* Pods-GyroSender.release.xcconfig */ = {isa = PBXFileReference; includeInIndex = 1; lastKnownFileType = text.xcconfig; name = "Pods-GyroSender.release.xcconfig"; path = "Pods/Target Support Files/Pods-GyroSender/Pods-GyroSender.release.xcconfig"; sourceTree = "<group>"; };
		604D8755706D4156A29C52EB /* Pods_GyroSenderTests.framework */ = {isa = PBXFileReference; explicitFileType = wrapper.framework; includeInIndex = 0; path = Pods_GyroSenderTests.framework; sourceTree = BUILT_PRODUCTS_DIR; };
		7477B5C61D08BE4D008B5D44 /* SearchController.swift */ = {isa = PBXFileReference; fileEncoding = 4; lastKnownFileType = sourcecode.swift; path = SearchController.swift; sourceTree = "<group>"; };
		7477B5C81D08C1EE008B5D44 /* Flow.swift */ = {isa = PBXFileReference; fileEncoding = 4; lastKnownFileType = sourcecode.swift; path = Flow.swift; sourceTree = "<group>"; };
		74BF31491D08AAEA0027C04C /* GyroSender.app */ = {isa = PBXFileReference; explicitFileType = wrapper.application; includeInIndex = 0; path = GyroSender.app; sourceTree = BUILT_PRODUCTS_DIR; };
		74BF314C1D08AAEA0027C04C /* AppDelegate.swift */ = {isa = PBXFileReference; lastKnownFileType = sourcecode.swift; path = AppDelegate.swift; sourceTree = "<group>"; };
		74BF314E1D08AAEA0027C04C /* ViewController.swift */ = {isa = PBXFileReference; lastKnownFileType = sourcecode.swift; path = ViewController.swift; sourceTree = "<group>"; };
		74BF31511D08AAEA0027C04C /* Base */ = {isa = PBXFileReference; lastKnownFileType = file.storyboard; name = Base; path = Base.lproj/Main.storyboard; sourceTree = "<group>"; };
		74BF31531D08AAEA0027C04C /* Assets.xcassets */ = {isa = PBXFileReference; lastKnownFileType = folder.assetcatalog; path = Assets.xcassets; sourceTree = "<group>"; };
		74BF31561D08AAEA0027C04C /* Base */ = {isa = PBXFileReference; lastKnownFileType = file.storyboard; name = Base; path = Base.lproj/LaunchScreen.storyboard; sourceTree = "<group>"; };
		74BF31581D08AAEA0027C04C /* Info.plist */ = {isa = PBXFileReference; lastKnownFileType = text.plist.xml; path = Info.plist; sourceTree = "<group>"; };
		74BF315D1D08AAEA0027C04C /* GyroSenderTests.xctest */ = {isa = PBXFileReference; explicitFileType = wrapper.cfbundle; includeInIndex = 0; path = GyroSenderTests.xctest; sourceTree = BUILT_PRODUCTS_DIR; };
		74BF31611D08AAEA0027C04C /* GyroSenderTests.swift */ = {isa = PBXFileReference; lastKnownFileType = sourcecode.swift; path = GyroSenderTests.swift; sourceTree = "<group>"; };
		74BF31631D08AAEA0027C04C /* Info.plist */ = {isa = PBXFileReference; lastKnownFileType = text.plist.xml; path = Info.plist; sourceTree = "<group>"; };
		74CCE30D1D09816E00F97A90 /* Gyrosender wrist.app */ = {isa = PBXFileReference; explicitFileType = wrapper.application; includeInIndex = 0; path = "Gyrosender wrist.app"; sourceTree = BUILT_PRODUCTS_DIR; };
		74CCE3101D09816E00F97A90 /* Base */ = {isa = PBXFileReference; lastKnownFileType = file.storyboard; name = Base; path = Base.lproj/Interface.storyboard; sourceTree = "<group>"; };
		74CCE3121D09816E00F97A90 /* Assets.xcassets */ = {isa = PBXFileReference; lastKnownFileType = folder.assetcatalog; path = Assets.xcassets; sourceTree = "<group>"; };
		74CCE3141D09816E00F97A90 /* Info.plist */ = {isa = PBXFileReference; lastKnownFileType = text.plist.xml; path = Info.plist; sourceTree = "<group>"; };
		74CCE3191D09816E00F97A90 /* Gyrosender wrist Extension.appex */ = {isa = PBXFileReference; explicitFileType = "wrapper.app-extension"; includeInIndex = 0; path = "Gyrosender wrist Extension.appex"; sourceTree = BUILT_PRODUCTS_DIR; };
		74CCE31F1D09816F00F97A90 /* PushNotificationPayload.apns */ = {isa = PBXFileReference; lastKnownFileType = text; path = PushNotificationPayload.apns; sourceTree = "<group>"; };
		74CCE3201D09816F00F97A90 /* InterfaceController.swift */ = {isa = PBXFileReference; lastKnownFileType = sourcecode.swift; path = InterfaceController.swift; sourceTree = "<group>"; };
		74CCE3221D09816F00F97A90 /* ExtensionDelegate.swift */ = {isa = PBXFileReference; lastKnownFileType = sourcecode.swift; path = ExtensionDelegate.swift; sourceTree = "<group>"; };
		74CCE3241D09816F00F97A90 /* NotificationController.swift */ = {isa = PBXFileReference; lastKnownFileType = sourcecode.swift; path = NotificationController.swift; sourceTree = "<group>"; };
		74CCE3261D09816F00F97A90 /* Assets.xcassets */ = {isa = PBXFileReference; lastKnownFileType = folder.assetcatalog; path = Assets.xcassets; sourceTree = "<group>"; };
		74CCE3281D09816F00F97A90 /* Info.plist */ = {isa = PBXFileReference; lastKnownFileType = text.plist.xml; path = Info.plist; sourceTree = "<group>"; };
		9978F80CBC6D5E5A2CC18684 /* Pods-GyroSender.debug.xcconfig */ = {isa = PBXFileReference; includeInIndex = 1; lastKnownFileType = text.xcconfig; name = "Pods-GyroSender.debug.xcconfig"; path = "Pods/Target Support Files/Pods-GyroSender/Pods-GyroSender.debug.xcconfig"; sourceTree = "<group>"; };
		E39456E1599A75FE351C00FB /* Pods-GyroSenderTests.debug.xcconfig */ = {isa = PBXFileReference; includeInIndex = 1; lastKnownFileType = text.xcconfig; name = "Pods-GyroSenderTests.debug.xcconfig"; path = "Pods/Target Support Files/Pods-GyroSenderTests/Pods-GyroSenderTests.debug.xcconfig"; sourceTree = "<group>"; };
		E8CCB0BA939CD3492F6292B9 /* Pods-GyroSenderTests.release.xcconfig */ = {isa = PBXFileReference; includeInIndex = 1; lastKnownFileType = text.xcconfig; name = "Pods-GyroSenderTests.release.xcconfig"; path = "Pods/Target Support Files/Pods-GyroSenderTests/Pods-GyroSenderTests.release.xcconfig"; sourceTree = "<group>"; };
/* End PBXFileReference section */

/* Begin PBXFrameworksBuildPhase section */
		039AB9750FDB0C636424CA81 /* Frameworks */ = {
			isa = PBXFrameworksBuildPhase;
			buildActionMask = 2147483647;
			files = (
			);
			runOnlyForDeploymentPostprocessing = 0;
		};
		74BF31461D08AAEA0027C04C /* Frameworks */ = {
			isa = PBXFrameworksBuildPhase;
			buildActionMask = 2147483647;
			files = (
				EDF583321475FD3D6ED56D4F /* Pods_GyroSender.framework in Frameworks */,
			);
			runOnlyForDeploymentPostprocessing = 0;
		};
		74BF315A1D08AAEA0027C04C /* Frameworks */ = {
			isa = PBXFrameworksBuildPhase;
			buildActionMask = 2147483647;
			files = (
				475A1506DE43D90F52C68343 /* Pods_GyroSenderTests.framework in Frameworks */,
			);
			runOnlyForDeploymentPostprocessing = 0;
		};
		74CCE3161D09816E00F97A90 /* Frameworks */ = {
			isa = PBXFrameworksBuildPhase;
			buildActionMask = 2147483647;
			files = (
			);
			runOnlyForDeploymentPostprocessing = 0;
		};
/* End PBXFrameworksBuildPhase section */

/* Begin PBXGroup section */
		3FF85ED82D412537D043BE19 /* Pods */ = {
			isa = PBXGroup;
			children = (
				9978F80CBC6D5E5A2CC18684 /* Pods-GyroSender.debug.xcconfig */,
				1BDC8C94C53C6922A73F306D /* Pods-GyroSender.release.xcconfig */,
				E39456E1599A75FE351C00FB /* Pods-GyroSenderTests.debug.xcconfig */,
				E8CCB0BA939CD3492F6292B9 /* Pods-GyroSenderTests.release.xcconfig */,
			);
			name = Pods;
			sourceTree = "<group>";
		};
		74BF31401D08AAEA0027C04C = {
			isa = PBXGroup;
			children = (
				74BF314B1D08AAEA0027C04C /* GyroSender */,
				74BF31601D08AAEA0027C04C /* GyroSenderTests */,
				74CCE30E1D09816E00F97A90 /* Gyrosender wrist */,
				74CCE31D1D09816F00F97A90 /* Gyrosender wrist Extension */,
				74BF314A1D08AAEA0027C04C /* Products */,
				3FF85ED82D412537D043BE19 /* Pods */,
				CCCFC4AA47433A04992B738B /* Frameworks */,
			);
			sourceTree = "<group>";
		};
		74BF314A1D08AAEA0027C04C /* Products */ = {
			isa = PBXGroup;
			children = (
				74BF31491D08AAEA0027C04C /* GyroSender.app */,
				74BF315D1D08AAEA0027C04C /* GyroSenderTests.xctest */,
				74CCE30D1D09816E00F97A90 /* Gyrosender wrist.app */,
				74CCE3191D09816E00F97A90 /* Gyrosender wrist Extension.appex */,
			);
			name = Products;
			sourceTree = "<group>";
		};
		74BF314B1D08AAEA0027C04C /* GyroSender */ = {
			isa = PBXGroup;
			children = (
				74BF314C1D08AAEA0027C04C /* AppDelegate.swift */,
				7477B5C81D08C1EE008B5D44 /* Flow.swift */,
				7477B5C61D08BE4D008B5D44 /* SearchController.swift */,
				74BF314E1D08AAEA0027C04C /* ViewController.swift */,
				74BF31501D08AAEA0027C04C /* Main.storyboard */,
				74BF31531D08AAEA0027C04C /* Assets.xcassets */,
				74BF31551D08AAEA0027C04C /* LaunchScreen.storyboard */,
				74BF31581D08AAEA0027C04C /* Info.plist */,
			);
			path = GyroSender;
			sourceTree = "<group>";
		};
		74BF31601D08AAEA0027C04C /* GyroSenderTests */ = {
			isa = PBXGroup;
			children = (
				74BF31611D08AAEA0027C04C /* GyroSenderTests.swift */,
				74BF31631D08AAEA0027C04C /* Info.plist */,
			);
			path = GyroSenderTests;
			sourceTree = "<group>";
		};
		74CCE30E1D09816E00F97A90 /* Gyrosender wrist */ = {
			isa = PBXGroup;
			children = (
				74CCE30F1D09816E00F97A90 /* Interface.storyboard */,
				74CCE3121D09816E00F97A90 /* Assets.xcassets */,
				74CCE3141D09816E00F97A90 /* Info.plist */,
			);
			path = "Gyrosender wrist";
			sourceTree = "<group>";
		};
		74CCE31D1D09816F00F97A90 /* Gyrosender wrist Extension */ = {
			isa = PBXGroup;
			children = (
				74CCE3201D09816F00F97A90 /* InterfaceController.swift */,
				74CCE3221D09816F00F97A90 /* ExtensionDelegate.swift */,
				74CCE3241D09816F00F97A90 /* NotificationController.swift */,
				74CCE3261D09816F00F97A90 /* Assets.xcassets */,
				74CCE3281D09816F00F97A90 /* Info.plist */,
				74CCE31E1D09816F00F97A90 /* Supporting Files */,
			);
			path = "Gyrosender wrist Extension";
			sourceTree = "<group>";
		};
		74CCE31E1D09816F00F97A90 /* Supporting Files */ = {
			isa = PBXGroup;
			children = (
				74CCE31F1D09816F00F97A90 /* PushNotificationPayload.apns */,
			);
			name = "Supporting Files";
			sourceTree = "<group>";
		};
		CCCFC4AA47433A04992B738B /* Frameworks */ = {
			isa = PBXGroup;
			children = (
				1036F2E46FDAFBF1769FEED7 /* Pods_GyroSender.framework */,
				604D8755706D4156A29C52EB /* Pods_GyroSenderTests.framework */,
			);
			name = Frameworks;
			sourceTree = "<group>";
		};
/* End PBXGroup section */

/* Begin PBXNativeTarget section */
		74BF31481D08AAEA0027C04C /* GyroSender */ = {
			isa = PBXNativeTarget;
			buildConfigurationList = 74BF31661D08AAEA0027C04C /* Build configuration list for PBXNativeTarget "GyroSender" */;
			buildPhases = (
				5C3834606DD38E6B8AA30B9E /* 📦 Check Pods Manifest.lock */,
				74BF31451D08AAEA0027C04C /* Sources */,
				74BF31461D08AAEA0027C04C /* Frameworks */,
				74BF31471D08AAEA0027C04C /* Resources */,
				4464579FBDAF3E0424750DEC /* 📦 Embed Pods Frameworks */,
				E393BDA3141A2997555F3CA0 /* 📦 Copy Pods Resources */,
				74CCE3331D09816F00F97A90 /* Embed Watch Content */,
			);
			buildRules = (
			);
			dependencies = (
				74CCE32A1D09816F00F97A90 /* PBXTargetDependency */,
			);
			name = GyroSender;
			productName = GyroSender;
			productReference = 74BF31491D08AAEA0027C04C /* GyroSender.app */;
			productType = "com.apple.product-type.application";
		};
		74BF315C1D08AAEA0027C04C /* GyroSenderTests */ = {
			isa = PBXNativeTarget;
			buildConfigurationList = 74BF31691D08AAEA0027C04C /* Build configuration list for PBXNativeTarget "GyroSenderTests" */;
			buildPhases = (
				EEB6C74CC5D2250BA312D86D /* 📦 Check Pods Manifest.lock */,
				74BF31591D08AAEA0027C04C /* Sources */,
				74BF315A1D08AAEA0027C04C /* Frameworks */,
				74BF315B1D08AAEA0027C04C /* Resources */,
				673C8B3578FDBCDEE247DB40 /* 📦 Embed Pods Frameworks */,
				12466032AF345F2F2F445CA0 /* 📦 Copy Pods Resources */,
			);
			buildRules = (
			);
			dependencies = (
				74BF315F1D08AAEA0027C04C /* PBXTargetDependency */,
			);
			name = GyroSenderTests;
			productName = GyroSenderTests;
			productReference = 74BF315D1D08AAEA0027C04C /* GyroSenderTests.xctest */;
			productType = "com.apple.product-type.bundle.unit-test";
		};
		74CCE30C1D09816E00F97A90 /* Gyrosender wrist */ = {
			isa = PBXNativeTarget;
			buildConfigurationList = 74CCE3321D09816F00F97A90 /* Build configuration list for PBXNativeTarget "Gyrosender wrist" */;
			buildPhases = (
				74CCE30B1D09816E00F97A90 /* Resources */,
				74CCE3311D09816F00F97A90 /* Embed App Extensions */,
				039AB9750FDB0C636424CA81 /* Frameworks */,
			);
			buildRules = (
			);
			dependencies = (
				74CCE31C1D09816F00F97A90 /* PBXTargetDependency */,
			);
			name = "Gyrosender wrist";
			productName = "Gyrosender wrist";
			productReference = 74CCE30D1D09816E00F97A90 /* Gyrosender wrist.app */;
			productType = "com.apple.product-type.application.watchapp2";
		};
		74CCE3181D09816E00F97A90 /* Gyrosender wrist Extension */ = {
			isa = PBXNativeTarget;
			buildConfigurationList = 74CCE3301D09816F00F97A90 /* Build configuration list for PBXNativeTarget "Gyrosender wrist Extension" */;
			buildPhases = (
				74CCE3151D09816E00F97A90 /* Sources */,
				74CCE3171D09816E00F97A90 /* Resources */,
				74CCE3161D09816E00F97A90 /* Frameworks */,
			);
			buildRules = (
			);
			dependencies = (
			);
			name = "Gyrosender wrist Extension";
			productName = "Gyrosender wrist Extension";
			productReference = 74CCE3191D09816E00F97A90 /* Gyrosender wrist Extension.appex */;
			productType = "com.apple.product-type.watchkit2-extension";
		};
/* End PBXNativeTarget section */

/* Begin PBXProject section */
		74BF31411D08AAEA0027C04C /* Project object */ = {
			isa = PBXProject;
			attributes = {
				LastSwiftUpdateCheck = 0730;
				LastUpgradeCheck = 0730;
				ORGANIZATIONNAME = "Damiaan Dufaux";
				TargetAttributes = {
					74BF31481D08AAEA0027C04C = {
						CreatedOnToolsVersion = 7.3.1;
						DevelopmentTeam = 7TD9A665TC;
					};
					74BF315C1D08AAEA0027C04C = {
						CreatedOnToolsVersion = 7.3.1;
						DevelopmentTeam = 7TD9A665TC;
						TestTargetID = 74BF31481D08AAEA0027C04C;
					};
					74CCE30C1D09816E00F97A90 = {
						CreatedOnToolsVersion = 7.3.1;
						DevelopmentTeam = 7TD9A665TC;
					};
					74CCE3181D09816E00F97A90 = {
						CreatedOnToolsVersion = 7.3.1;
						DevelopmentTeam = 7TD9A665TC;
					};
				};
			};
			buildConfigurationList = 74BF31441D08AAEA0027C04C /* Build configuration list for PBXProject "GyroSender" */;
			compatibilityVersion = "Xcode 3.2";
			developmentRegion = English;
			hasScannedForEncodings = 0;
			knownRegions = (
				en,
				Base,
			);
			mainGroup = 74BF31401D08AAEA0027C04C;
			productRefGroup = 74BF314A1D08AAEA0027C04C /* Products */;
			projectDirPath = "";
			projectRoot = "";
			targets = (
				74BF31481D08AAEA0027C04C /* GyroSender */,
				74BF315C1D08AAEA0027C04C /* GyroSenderTests */,
				74CCE30C1D09816E00F97A90 /* Gyrosender wrist */,
				74CCE3181D09816E00F97A90 /* Gyrosender wrist Extension */,
			);
		};
/* End PBXProject section */

/* Begin PBXResourcesBuildPhase section */
		74BF31471D08AAEA0027C04C /* Resources */ = {
			isa = PBXResourcesBuildPhase;
			buildActionMask = 2147483647;
			files = (
				74BF31571D08AAEA0027C04C /* LaunchScreen.storyboard in Resources */,
				74BF31541D08AAEA0027C04C /* Assets.xcassets in Resources */,
				74BF31521D08AAEA0027C04C /* Main.storyboard in Resources */,
			);
			runOnlyForDeploymentPostprocessing = 0;
		};
		74BF315B1D08AAEA0027C04C /* Resources */ = {
			isa = PBXResourcesBuildPhase;
			buildActionMask = 2147483647;
			files = (
			);
			runOnlyForDeploymentPostprocessing = 0;
		};
		74CCE30B1D09816E00F97A90 /* Resources */ = {
			isa = PBXResourcesBuildPhase;
			buildActionMask = 2147483647;
			files = (
				74CCE3131D09816E00F97A90 /* Assets.xcassets in Resources */,
				74CCE3111D09816E00F97A90 /* Interface.storyboard in Resources */,
			);
			runOnlyForDeploymentPostprocessing = 0;
		};
		74CCE3171D09816E00F97A90 /* Resources */ = {
			isa = PBXResourcesBuildPhase;
			buildActionMask = 2147483647;
			files = (
				74CCE3271D09816F00F97A90 /* Assets.xcassets in Resources */,
			);
			runOnlyForDeploymentPostprocessing = 0;
		};
/* End PBXResourcesBuildPhase section */

/* Begin PBXShellScriptBuildPhase section */
		12466032AF345F2F2F445CA0 /* 📦 Copy Pods Resources */ = {
			isa = PBXShellScriptBuildPhase;
			buildActionMask = 2147483647;
			files = (
			);
			inputPaths = (
			);
			name = "📦 Copy Pods Resources";
			outputPaths = (
			);
			runOnlyForDeploymentPostprocessing = 0;
			shellPath = /bin/sh;
			shellScript = "\"${SRCROOT}/Pods/Target Support Files/Pods-GyroSenderTests/Pods-GyroSenderTests-resources.sh\"\n";
			showEnvVarsInLog = 0;
		};
		4464579FBDAF3E0424750DEC /* 📦 Embed Pods Frameworks */ = {
			isa = PBXShellScriptBuildPhase;
			buildActionMask = 2147483647;
			files = (
			);
			inputPaths = (
			);
			name = "📦 Embed Pods Frameworks";
			outputPaths = (
			);
			runOnlyForDeploymentPostprocessing = 0;
			shellPath = /bin/sh;
			shellScript = "\"${SRCROOT}/Pods/Target Support Files/Pods-GyroSender/Pods-GyroSender-frameworks.sh\"\n";
			showEnvVarsInLog = 0;
		};
		5C3834606DD38E6B8AA30B9E /* 📦 Check Pods Manifest.lock */ = {
			isa = PBXShellScriptBuildPhase;
			buildActionMask = 2147483647;
			files = (
			);
			inputPaths = (
			);
			name = "📦 Check Pods Manifest.lock";
			outputPaths = (
			);
			runOnlyForDeploymentPostprocessing = 0;
			shellPath = /bin/sh;
			shellScript = "diff \"${PODS_ROOT}/../Podfile.lock\" \"${PODS_ROOT}/Manifest.lock\" > /dev/null\nif [[ $? != 0 ]] ; then\n    cat << EOM\nerror: The sandbox is not in sync with the Podfile.lock. Run 'pod install' or update your CocoaPods installation.\nEOM\n    exit 1\nfi\n";
			showEnvVarsInLog = 0;
		};
		673C8B3578FDBCDEE247DB40 /* 📦 Embed Pods Frameworks */ = {
			isa = PBXShellScriptBuildPhase;
			buildActionMask = 2147483647;
			files = (
			);
			inputPaths = (
			);
			name = "📦 Embed Pods Frameworks";
			outputPaths = (
			);
			runOnlyForDeploymentPostprocessing = 0;
			shellPath = /bin/sh;
			shellScript = "\"${SRCROOT}/Pods/Target Support Files/Pods-GyroSenderTests/Pods-GyroSenderTests-frameworks.sh\"\n";
			showEnvVarsInLog = 0;
		};
		E393BDA3141A2997555F3CA0 /* 📦 Copy Pods Resources */ = {
			isa = PBXShellScriptBuildPhase;
			buildActionMask = 2147483647;
			files = (
			);
			inputPaths = (
			);
			name = "📦 Copy Pods Resources";
			outputPaths = (
			);
			runOnlyForDeploymentPostprocessing = 0;
			shellPath = /bin/sh;
			shellScript = "\"${SRCROOT}/Pods/Target Support Files/Pods-GyroSender/Pods-GyroSender-resources.sh\"\n";
			showEnvVarsInLog = 0;
		};
		EEB6C74CC5D2250BA312D86D /* 📦 Check Pods Manifest.lock */ = {
			isa = PBXShellScriptBuildPhase;
			buildActionMask = 2147483647;
			files = (
			);
			inputPaths = (
			);
			name = "📦 Check Pods Manifest.lock";
			outputPaths = (
			);
			runOnlyForDeploymentPostprocessing = 0;
			shellPath = /bin/sh;
			shellScript = "diff \"${PODS_ROOT}/../Podfile.lock\" \"${PODS_ROOT}/Manifest.lock\" > /dev/null\nif [[ $? != 0 ]] ; then\n    cat << EOM\nerror: The sandbox is not in sync with the Podfile.lock. Run 'pod install' or update your CocoaPods installation.\nEOM\n    exit 1\nfi\n";
			showEnvVarsInLog = 0;
		};
/* End PBXShellScriptBuildPhase section */

/* Begin PBXSourcesBuildPhase section */
		74BF31451D08AAEA0027C04C /* Sources */ = {
			isa = PBXSourcesBuildPhase;
			buildActionMask = 2147483647;
			files = (
				74BF314F1D08AAEA0027C04C /* ViewController.swift in Sources */,
				7477B5C91D08C1EE008B5D44 /* Flow.swift in Sources */,
				7477B5C71D08BE4D008B5D44 /* SearchController.swift in Sources */,
				74BF314D1D08AAEA0027C04C /* AppDelegate.swift in Sources */,
			);
			runOnlyForDeploymentPostprocessing = 0;
		};
		74BF31591D08AAEA0027C04C /* Sources */ = {
			isa = PBXSourcesBuildPhase;
			buildActionMask = 2147483647;
			files = (
				74BF31621D08AAEA0027C04C /* GyroSenderTests.swift in Sources */,
			);
			runOnlyForDeploymentPostprocessing = 0;
		};
		74CCE3151D09816E00F97A90 /* Sources */ = {
			isa = PBXSourcesBuildPhase;
			buildActionMask = 2147483647;
			files = (
				74CCE3251D09816F00F97A90 /* NotificationController.swift in Sources */,
				74CCE3231D09816F00F97A90 /* ExtensionDelegate.swift in Sources */,
				74CCE3211D09816F00F97A90 /* InterfaceController.swift in Sources */,
			);
			runOnlyForDeploymentPostprocessing = 0;
		};
/* End PBXSourcesBuildPhase section */

/* Begin PBXTargetDependency section */
		74BF315F1D08AAEA0027C04C /* PBXTargetDependency */ = {
			isa = PBXTargetDependency;
			target = 74BF31481D08AAEA0027C04C /* GyroSender */;
			targetProxy = 74BF315E1D08AAEA0027C04C /* PBXContainerItemProxy */;
		};
		74CCE31C1D09816F00F97A90 /* PBXTargetDependency */ = {
			isa = PBXTargetDependency;
			target = 74CCE3181D09816E00F97A90 /* Gyrosender wrist Extension */;
			targetProxy = 74CCE31B1D09816F00F97A90 /* PBXContainerItemProxy */;
		};
		74CCE32A1D09816F00F97A90 /* PBXTargetDependency */ = {
			isa = PBXTargetDependency;
			target = 74CCE30C1D09816E00F97A90 /* Gyrosender wrist */;
			targetProxy = 74CCE3291D09816F00F97A90 /* PBXContainerItemProxy */;
		};
/* End PBXTargetDependency section */

/* Begin PBXVariantGroup section */
		74BF31501D08AAEA0027C04C /* Main.storyboard */ = {
			isa = PBXVariantGroup;
			children = (
				74BF31511D08AAEA0027C04C /* Base */,
			);
			name = Main.storyboard;
			sourceTree = "<group>";
		};
		74BF31551D08AAEA0027C04C /* LaunchScreen.storyboard */ = {
			isa = PBXVariantGroup;
			children = (
				74BF31561D08AAEA0027C04C /* Base */,
			);
			name = LaunchScreen.storyboard;
			sourceTree = "<group>";
		};
		74CCE30F1D09816E00F97A90 /* Interface.storyboard */ = {
			isa = PBXVariantGroup;
			children = (
				74CCE3101D09816E00F97A90 /* Base */,
			);
			name = Interface.storyboard;
			sourceTree = "<group>";
		};
/* End PBXVariantGroup section */

/* Begin XCBuildConfiguration section */
		74BF31641D08AAEA0027C04C /* Debug */ = {
			isa = XCBuildConfiguration;
			buildSettings = {
				ALWAYS_SEARCH_USER_PATHS = NO;
				CLANG_ANALYZER_NONNULL = YES;
				CLANG_CXX_LANGUAGE_STANDARD = "gnu++0x";
				CLANG_CXX_LIBRARY = "libc++";
				CLANG_ENABLE_MODULES = YES;
				CLANG_ENABLE_OBJC_ARC = YES;
				CLANG_WARN_BOOL_CONVERSION = YES;
				CLANG_WARN_CONSTANT_CONVERSION = YES;
				CLANG_WARN_DIRECT_OBJC_ISA_USAGE = YES_ERROR;
				CLANG_WARN_EMPTY_BODY = YES;
				CLANG_WARN_ENUM_CONVERSION = YES;
				CLANG_WARN_INT_CONVERSION = YES;
				CLANG_WARN_OBJC_ROOT_CLASS = YES_ERROR;
				CLANG_WARN_UNREACHABLE_CODE = YES;
				CLANG_WARN__DUPLICATE_METHOD_MATCH = YES;
				"CODE_SIGN_IDENTITY[sdk=iphoneos*]" = "iPhone Developer";
				COPY_PHASE_STRIP = NO;
				DEBUG_INFORMATION_FORMAT = dwarf;
				ENABLE_STRICT_OBJC_MSGSEND = YES;
				ENABLE_TESTABILITY = YES;
				GCC_C_LANGUAGE_STANDARD = gnu99;
				GCC_DYNAMIC_NO_PIC = NO;
				GCC_NO_COMMON_BLOCKS = YES;
				GCC_OPTIMIZATION_LEVEL = 0;
				GCC_PREPROCESSOR_DEFINITIONS = (
					"DEBUG=1",
					"$(inherited)",
				);
				GCC_WARN_64_TO_32_BIT_CONVERSION = YES;
				GCC_WARN_ABOUT_RETURN_TYPE = YES_ERROR;
				GCC_WARN_UNDECLARED_SELECTOR = YES;
				GCC_WARN_UNINITIALIZED_AUTOS = YES_AGGRESSIVE;
				GCC_WARN_UNUSED_FUNCTION = YES;
				GCC_WARN_UNUSED_VARIABLE = YES;
				IPHONEOS_DEPLOYMENT_TARGET = 9.3;
				MTL_ENABLE_DEBUG_INFO = YES;
				ONLY_ACTIVE_ARCH = YES;
				SDKROOT = iphoneos;
				SWIFT_OPTIMIZATION_LEVEL = "-Onone";
				TARGETED_DEVICE_FAMILY = "1,2";
			};
			name = Debug;
		};
		74BF31651D08AAEA0027C04C /* Release */ = {
			isa = XCBuildConfiguration;
			buildSettings = {
				ALWAYS_SEARCH_USER_PATHS = NO;
				CLANG_ANALYZER_NONNULL = YES;
				CLANG_CXX_LANGUAGE_STANDARD = "gnu++0x";
				CLANG_CXX_LIBRARY = "libc++";
				CLANG_ENABLE_MODULES = YES;
				CLANG_ENABLE_OBJC_ARC = YES;
				CLANG_WARN_BOOL_CONVERSION = YES;
				CLANG_WARN_CONSTANT_CONVERSION = YES;
				CLANG_WARN_DIRECT_OBJC_ISA_USAGE = YES_ERROR;
				CLANG_WARN_EMPTY_BODY = YES;
				CLANG_WARN_ENUM_CONVERSION = YES;
				CLANG_WARN_INT_CONVERSION = YES;
				CLANG_WARN_OBJC_ROOT_CLASS = YES_ERROR;
				CLANG_WARN_UNREACHABLE_CODE = YES;
				CLANG_WARN__DUPLICATE_METHOD_MATCH = YES;
				"CODE_SIGN_IDENTITY[sdk=iphoneos*]" = "iPhone Developer";
				COPY_PHASE_STRIP = NO;
				DEBUG_INFORMATION_FORMAT = "dwarf-with-dsym";
				ENABLE_NS_ASSERTIONS = NO;
				ENABLE_STRICT_OBJC_MSGSEND = YES;
				GCC_C_LANGUAGE_STANDARD = gnu99;
				GCC_NO_COMMON_BLOCKS = YES;
				GCC_WARN_64_TO_32_BIT_CONVERSION = YES;
				GCC_WARN_ABOUT_RETURN_TYPE = YES_ERROR;
				GCC_WARN_UNDECLARED_SELECTOR = YES;
				GCC_WARN_UNINITIALIZED_AUTOS = YES_AGGRESSIVE;
				GCC_WARN_UNUSED_FUNCTION = YES;
				GCC_WARN_UNUSED_VARIABLE = YES;
				IPHONEOS_DEPLOYMENT_TARGET = 9.3;
				MTL_ENABLE_DEBUG_INFO = NO;
				SDKROOT = iphoneos;
				TARGETED_DEVICE_FAMILY = "1,2";
				VALIDATE_PRODUCT = YES;
			};
			name = Release;
		};
		74BF31671D08AAEA0027C04C /* Debug */ = {
			isa = XCBuildConfiguration;
			baseConfigurationReference = 9978F80CBC6D5E5A2CC18684 /* Pods-GyroSender.debug.xcconfig */;
			buildSettings = {
				ASSETCATALOG_COMPILER_APPICON_NAME = AppIcon;
				INFOPLIST_FILE = GyroSender/Info.plist;
				LD_RUNPATH_SEARCH_PATHS = "$(inherited) @executable_path/Frameworks";
				PRODUCT_BUNDLE_IDENTIFIER = com.devian.GyroSender;
				PRODUCT_NAME = "$(TARGET_NAME)";
			};
			name = Debug;
		};
		74BF31681D08AAEA0027C04C /* Release */ = {
			isa = XCBuildConfiguration;
			baseConfigurationReference = 1BDC8C94C53C6922A73F306D /* Pods-GyroSender.release.xcconfig */;
			buildSettings = {
				ASSETCATALOG_COMPILER_APPICON_NAME = AppIcon;
				INFOPLIST_FILE = GyroSender/Info.plist;
				LD_RUNPATH_SEARCH_PATHS = "$(inherited) @executable_path/Frameworks";
				PRODUCT_BUNDLE_IDENTIFIER = com.devian.GyroSender;
				PRODUCT_NAME = "$(TARGET_NAME)";
			};
			name = Release;
		};
		74BF316A1D08AAEA0027C04C /* Debug */ = {
			isa = XCBuildConfiguration;
			baseConfigurationReference = E39456E1599A75FE351C00FB /* Pods-GyroSenderTests.debug.xcconfig */;
			buildSettings = {
				BUNDLE_LOADER = "$(TEST_HOST)";
				INFOPLIST_FILE = GyroSenderTests/Info.plist;
				LD_RUNPATH_SEARCH_PATHS = "$(inherited) @executable_path/Frameworks @loader_path/Frameworks";
				PRODUCT_BUNDLE_IDENTIFIER = com.devian.GyroSenderTests;
				PRODUCT_NAME = "$(TARGET_NAME)";
				TEST_HOST = "$(BUILT_PRODUCTS_DIR)/GyroSender.app/GyroSender";
			};
			name = Debug;
		};
		74BF316B1D08AAEA0027C04C /* Release */ = {
			isa = XCBuildConfiguration;
			baseConfigurationReference = E8CCB0BA939CD3492F6292B9 /* Pods-GyroSenderTests.release.xcconfig */;
			buildSettings = {
				BUNDLE_LOADER = "$(TEST_HOST)";
				INFOPLIST_FILE = GyroSenderTests/Info.plist;
				LD_RUNPATH_SEARCH_PATHS = "$(inherited) @executable_path/Frameworks @loader_path/Frameworks";
				PRODUCT_BUNDLE_IDENTIFIER = com.devian.GyroSenderTests;
				PRODUCT_NAME = "$(TARGET_NAME)";
				TEST_HOST = "$(BUILT_PRODUCTS_DIR)/GyroSender.app/GyroSender";
			};
			name = Release;
		};
		74CCE32C1D09816F00F97A90 /* Debug */ = {
			isa = XCBuildConfiguration;
			buildSettings = {
				ASSETCATALOG_COMPILER_APPICON_NAME = AppIcon;
				EMBEDDED_CONTENT_CONTAINS_SWIFT = YES;
				IBSC_MODULE = Gyrosender_wrist_Extension;
				INFOPLIST_FILE = "Gyrosender wrist/Info.plist";
				PRODUCT_BUNDLE_IDENTIFIER = com.devian.GyroSender.watchkitapp;
				PRODUCT_NAME = "$(TARGET_NAME)";
				SDKROOT = watchos;
				SKIP_INSTALL = YES;
				TARGETED_DEVICE_FAMILY = 4;
				WATCHOS_DEPLOYMENT_TARGET = 2.2;
			};
			name = Debug;
		};
		74CCE32D1D09816F00F97A90 /* Release */ = {
			isa = XCBuildConfiguration;
			buildSettings = {
				ASSETCATALOG_COMPILER_APPICON_NAME = AppIcon;
				EMBEDDED_CONTENT_CONTAINS_SWIFT = YES;
				IBSC_MODULE = Gyrosender_wrist_Extension;
				INFOPLIST_FILE = "Gyrosender wrist/Info.plist";
				PRODUCT_BUNDLE_IDENTIFIER = com.devian.GyroSender.watchkitapp;
				PRODUCT_NAME = "$(TARGET_NAME)";
				SDKROOT = watchos;
				SKIP_INSTALL = YES;
				TARGETED_DEVICE_FAMILY = 4;
				WATCHOS_DEPLOYMENT_TARGET = 2.2;
			};
			name = Release;
		};
		74CCE32E1D09816F00F97A90 /* Debug */ = {
			isa = XCBuildConfiguration;
			buildSettings = {
				INFOPLIST_FILE = "Gyrosender wrist Extension/Info.plist";
				LD_RUNPATH_SEARCH_PATHS = "$(inherited) @executable_path/Frameworks @executable_path/../../Frameworks";
				PRODUCT_BUNDLE_IDENTIFIER = com.devian.GyroSender.watchkitapp.watchkitextension;
				PRODUCT_NAME = "${TARGET_NAME}";
				SDKROOT = watchos;
				SKIP_INSTALL = YES;
				TARGETED_DEVICE_FAMILY = 4;
				WATCHOS_DEPLOYMENT_TARGET = 2.2;
			};
			name = Debug;
		};
		74CCE32F1D09816F00F97A90 /* Release */ = {
			isa = XCBuildConfiguration;
			buildSettings = {
				INFOPLIST_FILE = "Gyrosender wrist Extension/Info.plist";
				LD_RUNPATH_SEARCH_PATHS = "$(inherited) @executable_path/Frameworks @executable_path/../../Frameworks";
				PRODUCT_BUNDLE_IDENTIFIER = com.devian.GyroSender.watchkitapp.watchkitextension;
				PRODUCT_NAME = "${TARGET_NAME}";
				SDKROOT = watchos;
				SKIP_INSTALL = YES;
				TARGETED_DEVICE_FAMILY = 4;
				WATCHOS_DEPLOYMENT_TARGET = 2.2;
			};
			name = Release;
		};
/* End XCBuildConfiguration section */

/* Begin XCConfigurationList section */
		74BF31441D08AAEA0027C04C /* Build configuration list for PBXProject "GyroSender" */ = {
			isa = XCConfigurationList;
			buildConfigurations = (
				74BF31641D08AAEA0027C04C /* Debug */,
				74BF31651D08AAEA0027C04C /* Release */,
			);
			defaultConfigurationIsVisible = 0;
			defaultConfigurationName = Release;
		};
		74BF31661D08AAEA0027C04C /* Build configuration list for PBXNativeTarget "GyroSender" */ = {
			isa = XCConfigurationList;
			buildConfigurations = (
				74BF31671D08AAEA0027C04C /* Debug */,
				74BF31681D08AAEA0027C04C /* Release */,
			);
			defaultConfigurationIsVisible = 0;
			defaultConfigurationName = Release;
		};
		74BF31691D08AAEA0027C04C /* Build configuration list for PBXNativeTarget "GyroSenderTests" */ = {
			isa = XCConfigurationList;
			buildConfigurations = (
				74BF316A1D08AAEA0027C04C /* Debug */,
				74BF316B1D08AAEA0027C04C /* Release */,
			);
			defaultConfigurationIsVisible = 0;
			defaultConfigurationName = Release;
		};
		74CCE3301D09816F00F97A90 /* Build configuration list for PBXNativeTarget "Gyrosender wrist Extension" */ = {
			isa = XCConfigurationList;
			buildConfigurations = (
				74CCE32E1D09816F00F97A90 /* Debug */,
				74CCE32F1D09816F00F97A90 /* Release */,
			);
			defaultConfigurationIsVisible = 0;
			defaultConfigurationName = Release;
		};
		74CCE3321D09816F00F97A90 /* Build configuration list for PBXNativeTarget "Gyrosender wrist" */ = {
			isa = XCConfigurationList;
			buildConfigurations = (
				74CCE32C1D09816F00F97A90 /* Debug */,
				74CCE32D1D09816F00F97A90 /* Release */,
			);
			defaultConfigurationIsVisible = 0;
			defaultConfigurationName = Release;
		};
/* End XCConfigurationList section */
	};
	rootObject = 74BF31411D08AAEA0027C04C /* Project object */;
}
